
Microsoft Visual Studio Solution File, Format Version 12.00
# Visual Studio 15
VisualStudioVersion = 15.0.27130.2036
MinimumVisualStudioVersion = 10.0.40219.1
Project("{FAE04EC0-301F-11D3-BF4B-00C04F79EFBC}") = "Quan_Ly_Ban_Hang", "Quan_Ly_Ban_Hang\Quan_Ly_Ban_Hang.csproj", "{DA0A1300-D983-4253-AC8C-D501C6E511B8}"
EndProject
Global
	GlobalSection(SolutionConfigurationPlatforms) = preSolution
		Debug|Any CPU = Debug|Any CPU
		Release|Any CPU = Release|Any CPU
	EndGlobalSection
	GlobalSection(ProjectConfigurationPlatforms) = postSolution
		{DA0A1300-D983-4253-AC8C-D501C6E511B8}.Debug|Any CPU.ActiveCfg = Debug|Any CPU
		{DA0A1300-D983-4253-AC8C-D501C6E511B8}.Debug|Any CPU.Build.0 = Debug|Any CPU
		{DA0A1300-D983-4253-AC8C-D501C6E511B8}.Release|Any CPU.ActiveCfg = Release|Any CPU
		{DA0A1300-D983-4253-AC8C-D501C6E511B8}.Release|Any CPU.Build.0 = Release|Any CPU
	EndGlobalSection
	GlobalSection(SolutionProperties) = preSolution
		HideSolutionNode = FALSE
	EndGlobalSection
	GlobalSection(ExtensibilityGlobals) = postSolution
		SolutionGuid = {42F3ACD8-69D5-4933-8352-6B62ABC5108B}
	EndGlobalSection
EndGlobal
